// !$*UTF8*$!
{
	archiveVersion = 1;
	classes = {
	};
	objectVersion = 46;
	objects = {

/* Begin PBXBuildFile section */
		D839501718E57F7F0056E81C /* UIScrollView+LWPullToRefresh.m in Sources */ = {isa = PBXBuildFile; fileRef = D839501618E57F7F0056E81C /* UIScrollView+LWPullToRefresh.m */; };
		D8C9282918E17492008E1765 /* Foundation.framework in Frameworks */ = {isa = PBXBuildFile; fileRef = D8C9282818E17492008E1765 /* Foundation.framework */; };
		D8C9282B18E17492008E1765 /* CoreGraphics.framework in Frameworks */ = {isa = PBXBuildFile; fileRef = D8C9282A18E17492008E1765 /* CoreGraphics.framework */; };
		D8C9282D18E17492008E1765 /* UIKit.framework in Frameworks */ = {isa = PBXBuildFile; fileRef = D8C9282C18E17492008E1765 /* UIKit.framework */; };
		D8C9283318E17492008E1765 /* InfoPlist.strings in Resources */ = {isa = PBXBuildFile; fileRef = D8C9283118E17492008E1765 /* InfoPlist.strings */; };
		D8C9283518E17492008E1765 /* main.m in Sources */ = {isa = PBXBuildFile; fileRef = D8C9283418E17492008E1765 /* main.m */; };
		D8C9283918E17492008E1765 /* AppDelegate.m in Sources */ = {isa = PBXBuildFile; fileRef = D8C9283818E17492008E1765 /* AppDelegate.m */; };
		D8C9283B18E17492008E1765 /* Images.xcassets in Resources */ = {isa = PBXBuildFile; fileRef = D8C9283A18E17492008E1765 /* Images.xcassets */; };
		D8C9284218E17492008E1765 /* XCTest.framework in Frameworks */ = {isa = PBXBuildFile; fileRef = D8C9284118E17492008E1765 /* XCTest.framework */; };
		D8C9284318E17492008E1765 /* Foundation.framework in Frameworks */ = {isa = PBXBuildFile; fileRef = D8C9282818E17492008E1765 /* Foundation.framework */; };
		D8C9284418E17492008E1765 /* UIKit.framework in Frameworks */ = {isa = PBXBuildFile; fileRef = D8C9282C18E17492008E1765 /* UIKit.framework */; };
		D8C9284C18E17492008E1765 /* InfoPlist.strings in Resources */ = {isa = PBXBuildFile; fileRef = D8C9284A18E17492008E1765 /* InfoPlist.strings */; };
		D8C9284E18E17492008E1765 /* LWPullToRefreshTests.m in Sources */ = {isa = PBXBuildFile; fileRef = D8C9284D18E17492008E1765 /* LWPullToRefreshTests.m */; };
		D8C9285E18E17502008E1765 /* DemoViewController.m in Sources */ = {isa = PBXBuildFile; fileRef = D8C9285818E17502008E1765 /* DemoViewController.m */; };
		D8C9286618E1751F008E1765 /* LWRefreshControl.m in Sources */ = {isa = PBXBuildFile; fileRef = D8C9286318E1751F008E1765 /* LWRefreshControl.m */; };
/* End PBXBuildFile section */

/* Begin PBXContainerItemProxy section */
		D8C9284518E17492008E1765 /* PBXContainerItemProxy */ = {
			isa = PBXContainerItemProxy;
			containerPortal = D8C9281D18E17492008E1765 /* Project object */;
			proxyType = 1;
			remoteGlobalIDString = D8C9282418E17492008E1765;
			remoteInfo = LWPullToRefresh;
		};
/* End PBXContainerItemProxy section */

/* Begin PBXFileReference section */
		1F8E896719EF64F90054697F /* LWRefreshControlConstants.h */ = {isa = PBXFileReference; lastKnownFileType = sourcecode.c.h; path = LWRefreshControlConstants.h; sourceTree = "<group>"; };
		D839501518E57F7F0056E81C /* UIScrollView+LWPullToRefresh.h */ = {isa = PBXFileReference; fileEncoding = 4; lastKnownFileType = sourcecode.c.h; path = "UIScrollView+LWPullToRefresh.h"; sourceTree = "<group>"; };
		D839501618E57F7F0056E81C /* UIScrollView+LWPullToRefresh.m */ = {isa = PBXFileReference; fileEncoding = 4; lastKnownFileType = sourcecode.c.objc; path = "UIScrollView+LWPullToRefresh.m"; sourceTree = "<group>"; };
		D8C9282518E17492008E1765 /* LWPullToRefresh.app */ = {isa = PBXFileReference; explicitFileType = wrapper.application; includeInIndex = 0; path = LWPullToRefresh.app; sourceTree = BUILT_PRODUCTS_DIR; };
		D8C9282818E17492008E1765 /* Foundation.framework */ = {isa = PBXFileReference; lastKnownFileType = wrapper.framework; name = Foundation.framework; path = System/Library/Frameworks/Foundation.framework; sourceTree = SDKROOT; };
		D8C9282A18E17492008E1765 /* CoreGraphics.framework */ = {isa = PBXFileReference; lastKnownFileType = wrapper.framework; name = CoreGraphics.framework; path = System/Library/Frameworks/CoreGraphics.framework; sourceTree = SDKROOT; };
		D8C9282C18E17492008E1765 /* UIKit.framework */ = {isa = PBXFileReference; lastKnownFileType = wrapper.framework; name = UIKit.framework; path = System/Library/Frameworks/UIKit.framework; sourceTree = SDKROOT; };
		D8C9283018E17492008E1765 /* LWPullToRefresh-Info.plist */ = {isa = PBXFileReference; lastKnownFileType = text.plist.xml; path = "LWPullToRefresh-Info.plist"; sourceTree = "<group>"; };
		D8C9283218E17492008E1765 /* en */ = {isa = PBXFileReference; lastKnownFileType = text.plist.strings; name = en; path = en.lproj/InfoPlist.strings; sourceTree = "<group>"; };
		D8C9283418E17492008E1765 /* main.m */ = {isa = PBXFileReference; lastKnownFileType = sourcecode.c.objc; path = main.m; sourceTree = "<group>"; };
		D8C9283618E17492008E1765 /* LWPullToRefresh-Prefix.pch */ = {isa = PBXFileReference; lastKnownFileType = sourcecode.c.h; path = "LWPullToRefresh-Prefix.pch"; sourceTree = "<group>"; };
		D8C9283718E17492008E1765 /* AppDelegate.h */ = {isa = PBXFileReference; lastKnownFileType = sourcecode.c.h; path = AppDelegate.h; sourceTree = "<group>"; };
		D8C9283818E17492008E1765 /* AppDelegate.m */ = {isa = PBXFileReference; lastKnownFileType = sourcecode.c.objc; path = AppDelegate.m; sourceTree = "<group>"; };
		D8C9283A18E17492008E1765 /* Images.xcassets */ = {isa = PBXFileReference; lastKnownFileType = folder.assetcatalog; path = Images.xcassets; sourceTree = "<group>"; };
		D8C9284018E17492008E1765 /* LWPullToRefreshTests.xctest */ = {isa = PBXFileReference; explicitFileType = wrapper.cfbundle; includeInIndex = 0; path = LWPullToRefreshTests.xctest; sourceTree = BUILT_PRODUCTS_DIR; };
		D8C9284118E17492008E1765 /* XCTest.framework */ = {isa = PBXFileReference; lastKnownFileType = wrapper.framework; name = XCTest.framework; path = Library/Frameworks/XCTest.framework; sourceTree = DEVELOPER_DIR; };
		D8C9284918E17492008E1765 /* LWPullToRefreshTests-Info.plist */ = {isa = PBXFileReference; lastKnownFileType = text.plist.xml; path = "LWPullToRefreshTests-Info.plist"; sourceTree = "<group>"; };
		D8C9284B18E17492008E1765 /* en */ = {isa = PBXFileReference; lastKnownFileType = text.plist.strings; name = en; path = en.lproj/InfoPlist.strings; sourceTree = "<group>"; };
		D8C9284D18E17492008E1765 /* LWPullToRefreshTests.m */ = {isa = PBXFileReference; lastKnownFileType = sourcecode.c.objc; path = LWPullToRefreshTests.m; sourceTree = "<group>"; };
		D8C9285718E17502008E1765 /* DemoViewController.h */ = {isa = PBXFileReference; fileEncoding = 4; lastKnownFileType = sourcecode.c.h; path = DemoViewController.h; sourceTree = "<group>"; };
		D8C9285818E17502008E1765 /* DemoViewController.m */ = {isa = PBXFileReference; fileEncoding = 4; lastKnownFileType = sourcecode.c.objc; path = DemoViewController.m; sourceTree = "<group>"; };
		D8C9286218E1751F008E1765 /* LWRefreshControl.h */ = {isa = PBXFileReference; fileEncoding = 4; lastKnownFileType = sourcecode.c.h; path = LWRefreshControl.h; sourceTree = "<group>"; };
		D8C9286318E1751F008E1765 /* LWRefreshControl.m */ = {isa = PBXFileReference; fileEncoding = 4; lastKnownFileType = sourcecode.c.objc; path = LWRefreshControl.m; sourceTree = "<group>"; };
/* End PBXFileReference section */

/* Begin PBXFrameworksBuildPhase section */
		D8C9282218E17492008E1765 /* Frameworks */ = {
			isa = PBXFrameworksBuildPhase;
			buildActionMask = 2147483647;
			files = (
				D8C9282B18E17492008E1765 /* CoreGraphics.framework in Frameworks */,
				D8C9282D18E17492008E1765 /* UIKit.framework in Frameworks */,
				D8C9282918E17492008E1765 /* Foundation.framework in Frameworks */,
			);
			runOnlyForDeploymentPostprocessing = 0;
		};
		D8C9283D18E17492008E1765 /* Frameworks */ = {
			isa = PBXFrameworksBuildPhase;
			buildActionMask = 2147483647;
			files = (
				D8C9284218E17492008E1765 /* XCTest.framework in Frameworks */,
				D8C9284418E17492008E1765 /* UIKit.framework in Frameworks */,
				D8C9284318E17492008E1765 /* Foundation.framework in Frameworks */,
			);
			runOnlyForDeploymentPostprocessing = 0;
		};
/* End PBXFrameworksBuildPhase section */

/* Begin PBXGroup section */
		D8C9281C18E17492008E1765 = {
			isa = PBXGroup;
			children = (
				D8C9282E18E17492008E1765 /* LWPullToRefresh */,
				D8C9284718E17492008E1765 /* LWPullToRefreshTests */,
				D8C9282718E17492008E1765 /* Frameworks */,
				D8C9282618E17492008E1765 /* Products */,
			);
			sourceTree = "<group>";
		};
		D8C9282618E17492008E1765 /* Products */ = {
			isa = PBXGroup;
			children = (
				D8C9282518E17492008E1765 /* LWPullToRefresh.app */,
				D8C9284018E17492008E1765 /* LWPullToRefreshTests.xctest */,
			);
			name = Products;
			sourceTree = "<group>";
		};
		D8C9282718E17492008E1765 /* Frameworks */ = {
			isa = PBXGroup;
			children = (
				D8C9282818E17492008E1765 /* Foundation.framework */,
				D8C9282A18E17492008E1765 /* CoreGraphics.framework */,
				D8C9282C18E17492008E1765 /* UIKit.framework */,
				D8C9284118E17492008E1765 /* XCTest.framework */,
			);
			name = Frameworks;
			sourceTree = "<group>";
		};
		D8C9282E18E17492008E1765 /* LWPullToRefresh */ = {
			isa = PBXGroup;
			children = (
				D8C9286118E1751F008E1765 /* LWRefreshControl */,
				D8C9285718E17502008E1765 /* DemoViewController.h */,
				D8C9285818E17502008E1765 /* DemoViewController.m */,
				D8C9283718E17492008E1765 /* AppDelegate.h */,
				D8C9283818E17492008E1765 /* AppDelegate.m */,
				D8C9283A18E17492008E1765 /* Images.xcassets */,
				D8C9282F18E17492008E1765 /* Supporting Files */,
			);
			path = LWPullToRefresh;
			sourceTree = "<group>";
		};
		D8C9282F18E17492008E1765 /* Supporting Files */ = {
			isa = PBXGroup;
			children = (
				D8C9283018E17492008E1765 /* LWPullToRefresh-Info.plist */,
				D8C9283118E17492008E1765 /* InfoPlist.strings */,
				D8C9283418E17492008E1765 /* main.m */,
				D8C9283618E17492008E1765 /* LWPullToRefresh-Prefix.pch */,
			);
			name = "Supporting Files";
			sourceTree = "<group>";
		};
		D8C9284718E17492008E1765 /* LWPullToRefreshTests */ = {
			isa = PBXGroup;
			children = (
				D8C9284D18E17492008E1765 /* LWPullToRefreshTests.m */,
				D8C9284818E17492008E1765 /* Supporting Files */,
			);
			path = LWPullToRefreshTests;
			sourceTree = "<group>";
		};
		D8C9284818E17492008E1765 /* Supporting Files */ = {
			isa = PBXGroup;
			children = (
				D8C9284918E17492008E1765 /* LWPullToRefreshTests-Info.plist */,
				D8C9284A18E17492008E1765 /* InfoPlist.strings */,
			);
			name = "Supporting Files";
			sourceTree = "<group>";
		};
		D8C9286118E1751F008E1765 /* LWRefreshControl */ = {
			isa = PBXGroup;
			children = (
				1F8E896719EF64F90054697F /* LWRefreshControlConstants.h */,
				D8C9286218E1751F008E1765 /* LWRefreshControl.h */,
				D8C9286318E1751F008E1765 /* LWRefreshControl.m */,
				D839501518E57F7F0056E81C /* UIScrollView+LWPullToRefresh.h */,
				D839501618E57F7F0056E81C /* UIScrollView+LWPullToRefresh.m */,
			);
			path = LWRefreshControl;
			sourceTree = "<group>";
		};
/* End PBXGroup section */

/* Begin PBXNativeTarget section */
		D8C9282418E17492008E1765 /* LWPullToRefresh */ = {
			isa = PBXNativeTarget;
			buildConfigurationList = D8C9285118E17492008E1765 /* Build configuration list for PBXNativeTarget "LWPullToRefresh" */;
			buildPhases = (
				D8C9282118E17492008E1765 /* Sources */,
				D8C9282218E17492008E1765 /* Frameworks */,
				D8C9282318E17492008E1765 /* Resources */,
			);
			buildRules = (
			);
			dependencies = (
			);
			name = LWPullToRefresh;
			productName = LWPullToRefresh;
			productReference = D8C9282518E17492008E1765 /* LWPullToRefresh.app */;
			productType = "com.apple.product-type.application";
		};
		D8C9283F18E17492008E1765 /* LWPullToRefreshTests */ = {
			isa = PBXNativeTarget;
			buildConfigurationList = D8C9285418E17492008E1765 /* Build configuration list for PBXNativeTarget "LWPullToRefreshTests" */;
			buildPhases = (
				D8C9283C18E17492008E1765 /* Sources */,
				D8C9283D18E17492008E1765 /* Frameworks */,
				D8C9283E18E17492008E1765 /* Resources */,
			);
			buildRules = (
			);
			dependencies = (
				D8C9284618E17492008E1765 /* PBXTargetDependency */,
			);
			name = LWPullToRefreshTests;
			productName = LWPullToRefreshTests;
			productReference = D8C9284018E17492008E1765 /* LWPullToRefreshTests.xctest */;
			productType = "com.apple.product-type.bundle.unit-test";
		};
/* End PBXNativeTarget section */

/* Begin PBXProject section */
		D8C9281D18E17492008E1765 /* Project object */ = {
			isa = PBXProject;
			attributes = {
				LastUpgradeCheck = 0510;
				ORGANIZATIONNAME = LiYonghui;
				TargetAttributes = {
					D8C9283F18E17492008E1765 = {
						TestTargetID = D8C9282418E17492008E1765;
					};
				};
			};
			buildConfigurationList = D8C9282018E17492008E1765 /* Build configuration list for PBXProject "LWPullToRefresh" */;
			compatibilityVersion = "Xcode 3.2";
			developmentRegion = English;
			hasScannedForEncodings = 0;
			knownRegions = (
				en,
			);
			mainGroup = D8C9281C18E17492008E1765;
			productRefGroup = D8C9282618E17492008E1765 /* Products */;
			projectDirPath = "";
			projectRoot = "";
			targets = (
				D8C9282418E17492008E1765 /* LWPullToRefresh */,
				D8C9283F18E17492008E1765 /* LWPullToRefreshTests */,
			);
		};
/* End PBXProject section */

/* Begin PBXResourcesBuildPhase section */
		D8C9282318E17492008E1765 /* Resources */ = {
			isa = PBXResourcesBuildPhase;
			buildActionMask = 2147483647;
			files = (
				D8C9283318E17492008E1765 /* InfoPlist.strings in Resources */,
				D8C9283B18E17492008E1765 /* Images.xcassets in Resources */,
			);
			runOnlyForDeploymentPostprocessing = 0;
		};
		D8C9283E18E17492008E1765 /* Resources */ = {
			isa = PBXResourcesBuildPhase;
			buildActionMask = 2147483647;
			files = (
				D8C9284C18E17492008E1765 /* InfoPlist.strings in Resources */,
			);
			runOnlyForDeploymentPostprocessing = 0;
		};
/* End PBXResourcesBuildPhase section */

/* Begin PBXSourcesBuildPhase section */
		D8C9282118E17492008E1765 /* Sources */ = {
			isa = PBXSourcesBuildPhase;
			buildActionMask = 2147483647;
			files = (
				D8C9286618E1751F008E1765 /* LWRefreshControl.m in Sources */,
				D839501718E57F7F0056E81C /* UIScrollView+LWPullToRefresh.m in Sources */,
				D8C9285E18E17502008E1765 /* DemoViewController.m in Sources */,
				D8C9283918E17492008E1765 /* AppDelegate.m in Sources */,
				D8C9283518E17492008E1765 /* main.m in Sources */,
			);
			runOnlyForDeploymentPostprocessing = 0;
		};
		D8C9283C18E17492008E1765 /* Sources */ = {
			isa = PBXSourcesBuildPhase;
			buildActionMask = 2147483647;
			files = (
				D8C9284E18E17492008E1765 /* LWPullToRefreshTests.m in Sources */,
			);
			runOnlyForDeploymentPostprocessing = 0;
		};
/* End PBXSourcesBuildPhase section */

/* Begin PBXTargetDependency section */
		D8C9284618E17492008E1765 /* PBXTargetDependency */ = {
			isa = PBXTargetDependency;
			target = D8C9282418E17492008E1765 /* LWPullToRefresh */;
			targetProxy = D8C9284518E17492008E1765 /* PBXContainerItemProxy */;
		};
/* End PBXTargetDependency section */

/* Begin PBXVariantGroup section */
		D8C9283118E17492008E1765 /* InfoPlist.strings */ = {
			isa = PBXVariantGroup;
			children = (
				D8C9283218E17492008E1765 /* en */,
			);
			name = InfoPlist.strings;
			sourceTree = "<group>";
		};
		D8C9284A18E17492008E1765 /* InfoPlist.strings */ = {
			isa = PBXVariantGroup;
			children = (
				D8C9284B18E17492008E1765 /* en */,
			);
			name = InfoPlist.strings;
			sourceTree = "<group>";
		};
/* End PBXVariantGroup section */

/* Begin XCBuildConfiguration section */
		D8C9284F18E17492008E1765 /* Debug */ = {
			isa = XCBuildConfiguration;
			buildSettings = {
				ALWAYS_SEARCH_USER_PATHS = NO;
				CLANG_CXX_LANGUAGE_STANDARD = "gnu++0x";
				CLANG_CXX_LIBRARY = "libc++";
				CLANG_ENABLE_MODULES = YES;
				CLANG_ENABLE_OBJC_ARC = YES;
				CLANG_WARN_BOOL_CONVERSION = YES;
				CLANG_WARN_CONSTANT_CONVERSION = YES;
				CLANG_WARN_DIRECT_OBJC_ISA_USAGE = YES_ERROR;
				CLANG_WARN_EMPTY_BODY = YES;
				CLANG_WARN_ENUM_CONVERSION = YES;
				CLANG_WARN_INT_CONVERSION = YES;
				CLANG_WARN_OBJC_ROOT_CLASS = YES_ERROR;
				CLANG_WARN__DUPLICATE_METHOD_MATCH = YES;
				"CODE_SIGN_IDENTITY[sdk=iphoneos*]" = "iPhone Developer";
				COPY_PHASE_STRIP = NO;
				GCC_C_LANGUAGE_STANDARD = gnu99;
				GCC_DYNAMIC_NO_PIC = NO;
				GCC_OPTIMIZATION_LEVEL = 0;
				GCC_PREPROCESSOR_DEFINITIONS = (
					"DEBUG=1",
					"$(inherited)",
				);
				GCC_SYMBOLS_PRIVATE_EXTERN = NO;
				GCC_WARN_64_TO_32_BIT_CONVERSION = YES;
				GCC_WARN_ABOUT_RETURN_TYPE = YES_ERROR;
				GCC_WARN_UNDECLARED_SELECTOR = YES;
				GCC_WARN_UNINITIALIZED_AUTOS = YES_AGGRESSIVE;
				GCC_WARN_UNUSED_FUNCTION = YES;
				GCC_WARN_UNUSED_VARIABLE = YES;
				IPHONEOS_DEPLOYMENT_TARGET = 7.1;
				ONLY_ACTIVE_ARCH = YES;
				SDKROOT = iphoneos;
				TARGETED_DEVICE_FAMILY = "1,2";
			};
			name = Debug;
		};
		D8C9285018E17492008E1765 /* Release */ = {
			isa = XCBuildConfiguration;
			buildSettings = {
				ALWAYS_SEARCH_USER_PATHS = NO;
				CLANG_CXX_LANGUAGE_STANDARD = "gnu++0x";
				CLANG_CXX_LIBRARY = "libc++";
				CLANG_ENABLE_MODULES = YES;
				CLANG_ENABLE_OBJC_ARC = YES;
				CLANG_WARN_BOOL_CONVERSION = YES;
				CLANG_WARN_CONSTANT_CONVERSION = YES;
				CLANG_WARN_DIRECT_OBJC_ISA_USAGE = YES_ERROR;
				CLANG_WARN_EMPTY_BODY = YES;
				CLANG_WARN_ENUM_CONVERSION = YES;
				CLANG_WARN_INT_CONVERSION = YES;
				CLANG_WARN_OBJC_ROOT_CLASS = YES_ERROR;
				CLANG_WARN__DUPLICATE_METHOD_MATCH = YES;
				"CODE_SIGN_IDENTITY[sdk=iphoneos*]" = "iPhone Developer";
				COPY_PHASE_STRIP = YES;
				ENABLE_NS_ASSERTIONS = NO;
				GCC_C_LANGUAGE_STANDARD = gnu99;
				GCC_WARN_64_TO_32_BIT_CONVERSION = YES;
				GCC_WARN_ABOUT_RETURN_TYPE = YES_ERROR;
				GCC_WARN_UNDECLARED_SELECTOR = YES;
				GCC_WARN_UNINITIALIZED_AUTOS = YES_AGGRESSIVE;
				GCC_WARN_UNUSED_FUNCTION = YES;
				GCC_WARN_UNUSED_VARIABLE = YES;
				IPHONEOS_DEPLOYMENT_TARGET = 7.1;
				SDKROOT = iphoneos;
				TARGETED_DEVICE_FAMILY = "1,2";
				VALIDATE_PRODUCT = YES;
			};
			name = Release;
		};
		D8C9285218E17492008E1765 /* Debug */ = {
			isa = XCBuildConfiguration;
			buildSettings = {
				ASSETCATALOG_COMPILER_APPICON_NAME = AppIcon;
				ASSETCATALOG_COMPILER_LAUNCHIMAGE_NAME = LaunchImage;
				GCC_PRECOMPILE_PREFIX_HEADER = YES;
				GCC_PREFIX_HEADER = "LWPullToRefresh/LWPullToRefresh-Prefix.pch";
				INFOPLIST_FILE = "LWPullToRefresh/LWPullToRefresh-Info.plist";
				PRODUCT_NAME = "$(TARGET_NAME)";
				WRAPPER_EXTENSION = app;
			};
			name = Debug;
		};
		D8C9285318E17492008E1765 /* Release */ = {
			isa = XCBuildConfiguration;
			buildSettings = {
				ASSETCATALOG_COMPILER_APPICON_NAME = AppIcon;
				ASSETCATALOG_COMPILER_LAUNCHIMAGE_NAME = LaunchImage;
				GCC_PRECOMPILE_PREFIX_HEADER = YES;
				GCC_PREFIX_HEADER = "LWPullToRefresh/LWPullToRefresh-Prefix.pch";
				INFOPLIST_FILE = "LWPullToRefresh/LWPullToRefresh-Info.plist";
				PRODUCT_NAME = "$(TARGET_NAME)";
				WRAPPER_EXTENSION = app;
			};
			name = Release;
		};
		D8C9285518E17492008E1765 /* Debug */ = {
			isa = XCBuildConfiguration;
			buildSettings = {
				BUNDLE_LOADER = "$(BUILT_PRODUCTS_DIR)/LWPullToRefresh.app/LWPullToRefresh";
				FRAMEWORK_SEARCH_PATHS = (
					"$(SDKROOT)/Developer/Library/Frameworks",
					"$(inherited)",
					"$(DEVELOPER_FRAMEWORKS_DIR)",
				);
				GCC_PRECOMPILE_PREFIX_HEADER = YES;
				GCC_PREFIX_HEADER = "LWPullToRefresh/LWPullToRefresh-Prefix.pch";
				GCC_PREPROCESSOR_DEFINITIONS = (
					"DEBUG=1",
					"$(inherited)",
				);
				INFOPLIST_FILE = "LWPullToRefreshTests/LWPullToRefreshTests-Info.plist";
				PRODUCT_NAME = "$(TARGET_NAME)";
				TEST_HOST = "$(BUNDLE_LOADER)";
				WRAPPER_EXTENSION = xctest;
			};
			name = Debug;
		};
		D8C9285618E17492008E1765 /* Release */ = {
			isa = XCBuildConfiguration;
			buildSettings = {
				BUNDLE_LOADER = "$(BUILT_PRODUCTS_DIR)/LWPullToRefresh.app/LWPullToRefresh";
				FRAMEWORK_SEARCH_PATHS = (
					"$(SDKROOT)/Developer/Library/Frameworks",
					"$(inherited)",
					"$(DEVELOPER_FRAMEWORKS_DIR)",
				);
				GCC_PRECOMPILE_PREFIX_HEADER = YES;
				GCC_PREFIX_HEADER = "LWPullToRefresh/LWPullToRefresh-Prefix.pch";
				INFOPLIST_FILE = "LWPullToRefreshTests/LWPullToRefreshTests-Info.plist";
				PRODUCT_NAME = "$(TARGET_NAME)";
				TEST_HOST = "$(BUNDLE_LOADER)";
				WRAPPER_EXTENSION = xctest;
			};
			name = Release;
		};
/* End XCBuildConfiguration section */

/* Begin XCConfigurationList section */
		D8C9282018E17492008E1765 /* Build configuration list for PBXProject "LWPullToRefresh" */ = {
			isa = XCConfigurationList;
			buildConfigurations = (
				D8C9284F18E17492008E1765 /* Debug */,
				D8C9285018E17492008E1765 /* Release */,
			);
			defaultConfigurationIsVisible = 0;
			defaultConfigurationName = Release;
		};
		D8C9285118E17492008E1765 /* Build configuration list for PBXNativeTarget "LWPullToRefresh" */ = {
			isa = XCConfigurationList;
			buildConfigurations = (
				D8C9285218E17492008E1765 /* Debug */,
				D8C9285318E17492008E1765 /* Release */,
			);
			defaultConfigurationIsVisible = 0;
			defaultConfigurationName = Release;
		};
		D8C9285418E17492008E1765 /* Build configuration list for PBXNativeTarget "LWPullToRefreshTests" */ = {
			isa = XCConfigurationList;
			buildConfigurations = (
				D8C9285518E17492008E1765 /* Debug */,
				D8C9285618E17492008E1765 /* Release */,
			);
			defaultConfigurationIsVisible = 0;
			defaultConfigurationName = Release;
		};
/* End XCConfigurationList section */
	};
	rootObject = D8C9281D18E17492008E1765 /* Project object */;
}
